
Microsoft Visual Studio Solution File, Format Version 12.00
# Visual Studio Version 17
VisualStudioVersion = 17.4.33110.190
MinimumVisualStudioVersion = 10.0.40219.1
Project("{FAE04EC0-301F-11D3-BF4B-00C04F79EFBC}") = "CoffeeMakerDemo", "CoffeeMakerDemo.csproj", "{6EC5D1BE-9077-46AE-894A-FE5B04EF2D17}"
EndProject
Project("{FAE04EC0-301F-11D3-BF4B-00C04F79EFBC}") = "CoffeeMakerDemoTest", "..\CoffeeMakerDemoTest\CoffeeMakerDemoTest.csproj", "{09D37E72-1161-4C25-A870-43A7528FBBEF}"
EndProject
Global
	GlobalSection(SolutionConfigurationPlatforms) = preSolution
		Debug|Any CPU = Debug|Any CPU
		Release|Any CPU = Release|Any CPU
	EndGlobalSection
	GlobalSection(ProjectConfigurationPlatforms) = postSolution
		{6EC5D1BE-9077-46AE-894A-FE5B04EF2D17}.Debug|Any CPU.ActiveCfg = Debug|Any CPU
		{6EC5D1BE-9077-46AE-894A-FE5B04EF2D17}.Debug|Any CPU.Build.0 = Debug|Any CPU
		{6EC5D1BE-9077-46AE-894A-FE5B04EF2D17}.Release|Any CPU.ActiveCfg = Release|Any CPU
		{6EC5D1BE-9077-46AE-894A-FE5B04EF2D17}.Release|Any CPU.Build.0 = Release|Any CPU
		{09D37E72-1161-4C25-A870-43A7528FBBEF}.Debug|Any CPU.ActiveCfg = Debug|Any CPU
		{09D37E72-1161-4C25-A870-43A7528FBBEF}.Debug|Any CPU.Build.0 = Debug|Any CPU
		{09D37E72-1161-4C25-A870-43A7528FBBEF}.Release|Any CPU.ActiveCfg = Release|Any CPU
		{09D37E72-1161-4C25-A870-43A7528FBBEF}.Release|Any CPU.Build.0 = Release|Any CPU
	EndGlobalSection
	GlobalSection(SolutionProperties) = preSolution
		HideSolutionNode = FALSE
	EndGlobalSection
	GlobalSection(ExtensibilityGlobals) = postSolution
		SolutionGuid = {24CBEA6A-D784-47FC-8F9F-62065D3E5472}
	EndGlobalSection
EndGlobal
